
Microsoft Visual Studio Solution File, Format Version 12.00
# Visual Studio Version 17
VisualStudioVersion = 17.7.34031.279
MinimumVisualStudioVersion = 10.0.40219.1
Project("{FAE04EC0-301F-11D3-BF4B-00C04F79EFBC}") = "GithubWall", "GithubWall\GithubWall.csproj", "{E63BEA79-2273-4BDC-8247-15AF44409D4B}"
EndProject
Global
	GlobalSection(SolutionConfigurationPlatforms) = preSolution
		Debug|Any CPU = Debug|Any CPU
		Release|Any CPU = Release|Any CPU
	EndGlobalSection
	GlobalSection(ProjectConfigurationPlatforms) = postSolution
		{E63BEA79-2273-4BDC-8247-15AF44409D4B}.Debug|Any CPU.ActiveCfg = Debug|Any CPU
		{E63BEA79-2273-4BDC-8247-15AF44409D4B}.Debug|Any CPU.Build.0 = Debug|Any CPU
		{E63BEA79-2273-4BDC-8247-15AF44409D4B}.Release|Any CPU.ActiveCfg = Release|Any CPU
		{E63BEA79-2273-4BDC-8247-15AF44409D4B}.Release|Any CPU.Build.0 = Release|Any CPU
	EndGlobalSection
	GlobalSection(SolutionProperties) = preSolution
		HideSolutionNode = FALSE
	EndGlobalSection
	GlobalSection(ExtensibilityGlobals) = postSolution
		SolutionGuid = {737A3637-79B2-42E6-8300-059E6D4ACA77}
	EndGlobalSection
EndGlobal
